
Microsoft Visual Studio Solution File, Format Version 12.00
# Visual Studio Version 17
VisualStudioVersion = 17.7.34031.279
MinimumVisualStudioVersion = 10.0.40219.1
Project("{9A19103F-16F7-4668-BE54-9A1E7A4F7556}") = "Asp.netCoreDemo", "Asp.netCoreDemo\Asp.netCoreDemo.csproj", "{9E840D75-C99F-46F8-AD75-287D0595B135}"
EndProject
Project("{9A19103F-16F7-4668-BE54-9A1E7A4F7556}") = "ConsumingWebApi", "ConsumingWebApi\ConsumingWebApi.csproj", "{72ABF533-F647-46A1-8544-77C34257E1E5}"
EndProject
Project("{FAE04EC0-301F-11D3-BF4B-00C04F79EFBC}") = "JwtTokenAuth", "JwtTokenAuth\JwtTokenAuth.csproj", "{41AA6201-22DC-461E-8515-F4A9A4B6B207}"
EndProject
Global
	GlobalSection(SolutionConfigurationPlatforms) = preSolution
		Debug|Any CPU = Debug|Any CPU
		Release|Any CPU = Release|Any CPU
	EndGlobalSection
	GlobalSection(ProjectConfigurationPlatforms) = postSolution
		{9E840D75-C99F-46F8-AD75-287D0595B135}.Debug|Any CPU.ActiveCfg = Debug|Any CPU
		{9E840D75-C99F-46F8-AD75-287D0595B135}.Debug|Any CPU.Build.0 = Debug|Any CPU
		{9E840D75-C99F-46F8-AD75-287D0595B135}.Release|Any CPU.ActiveCfg = Release|Any CPU
		{9E840D75-C99F-46F8-AD75-287D0595B135}.Release|Any CPU.Build.0 = Release|Any CPU
		{72ABF533-F647-46A1-8544-77C34257E1E5}.Debug|Any CPU.ActiveCfg = Debug|Any CPU
		{72ABF533-F647-46A1-8544-77C34257E1E5}.Debug|Any CPU.Build.0 = Debug|Any CPU
		{72ABF533-F647-46A1-8544-77C34257E1E5}.Release|Any CPU.ActiveCfg = Release|Any CPU
		{72ABF533-F647-46A1-8544-77C34257E1E5}.Release|Any CPU.Build.0 = Release|Any CPU
		{41AA6201-22DC-461E-8515-F4A9A4B6B207}.Debug|Any CPU.ActiveCfg = Debug|Any CPU
		{41AA6201-22DC-461E-8515-F4A9A4B6B207}.Debug|Any CPU.Build.0 = Debug|Any CPU
		{41AA6201-22DC-461E-8515-F4A9A4B6B207}.Release|Any CPU.ActiveCfg = Release|Any CPU
		{41AA6201-22DC-461E-8515-F4A9A4B6B207}.Release|Any CPU.Build.0 = Release|Any CPU
	EndGlobalSection
	GlobalSection(SolutionProperties) = preSolution
		HideSolutionNode = FALSE
	EndGlobalSection
	GlobalSection(ExtensibilityGlobals) = postSolution
		SolutionGuid = {C5908933-EA1D-4AE7-B07B-134AC23BB348}
	EndGlobalSection
EndGlobal
